
Microsoft Visual Studio Solution File, Format Version 12.00
# Visual Studio Version 16
VisualStudioVersion = 16.0.30011.22
MinimumVisualStudioVersion = 10.0.40219.1
Project("{9A19103F-16F7-4668-BE54-9A1E7A4F7556}") = "RainPrediction", "RainPrediction\RainPrediction.csproj", "{9FFBD748-8F4D-43BE-8095-DE6DA758205B}"
EndProject
Project("{9A19103F-16F7-4668-BE54-9A1E7A4F7556}") = "RainPredictionML.Model", "RainPredictionML.Model\RainPredictionML.Model.csproj", "{6164836E-01CB-4131-9BD0-4029AEFABCBA}"
EndProject
Project("{9A19103F-16F7-4668-BE54-9A1E7A4F7556}") = "RainPredictionML.ConsoleApp", "RainPredictionML.ConsoleApp\RainPredictionML.ConsoleApp.csproj", "{B531A066-75BF-47E6-BA0D-95D975C2ED4F}"
EndProject
Global
	GlobalSection(SolutionConfigurationPlatforms) = preSolution
		Debug|Any CPU = Debug|Any CPU
		Release|Any CPU = Release|Any CPU
	EndGlobalSection
	GlobalSection(ProjectConfigurationPlatforms) = postSolution
		{9FFBD748-8F4D-43BE-8095-DE6DA758205B}.Debug|Any CPU.ActiveCfg = Debug|Any CPU
		{9FFBD748-8F4D-43BE-8095-DE6DA758205B}.Debug|Any CPU.Build.0 = Debug|Any CPU
		{9FFBD748-8F4D-43BE-8095-DE6DA758205B}.Release|Any CPU.ActiveCfg = Release|Any CPU
		{9FFBD748-8F4D-43BE-8095-DE6DA758205B}.Release|Any CPU.Build.0 = Release|Any CPU
		{6164836E-01CB-4131-9BD0-4029AEFABCBA}.Debug|Any CPU.ActiveCfg = Debug|Any CPU
		{6164836E-01CB-4131-9BD0-4029AEFABCBA}.Debug|Any CPU.Build.0 = Debug|Any CPU
		{6164836E-01CB-4131-9BD0-4029AEFABCBA}.Release|Any CPU.ActiveCfg = Release|Any CPU
		{6164836E-01CB-4131-9BD0-4029AEFABCBA}.Release|Any CPU.Build.0 = Release|Any CPU
		{B531A066-75BF-47E6-BA0D-95D975C2ED4F}.Debug|Any CPU.ActiveCfg = Debug|Any CPU
		{B531A066-75BF-47E6-BA0D-95D975C2ED4F}.Debug|Any CPU.Build.0 = Debug|Any CPU
		{B531A066-75BF-47E6-BA0D-95D975C2ED4F}.Release|Any CPU.ActiveCfg = Release|Any CPU
		{B531A066-75BF-47E6-BA0D-95D975C2ED4F}.Release|Any CPU.Build.0 = Release|Any CPU
	EndGlobalSection
	GlobalSection(SolutionProperties) = preSolution
		HideSolutionNode = FALSE
	EndGlobalSection
	GlobalSection(ExtensibilityGlobals) = postSolution
		SolutionGuid = {6D81B208-AD00-44C6-B0C5-D27A61578783}
	EndGlobalSection
EndGlobal
